// !$*UTF8*$!
{
	archiveVersion = 1;
	classes = {
	};
	objectVersion = 56;
	objects = {

/* Begin PBXBuildFile section */
		864F84762D0B56AA00FDD081 /* GoogleService-Info.plist in Resources */ = {isa = PBXBuildFile; fileRef = 864F84752D0B56AA00FDD081 /* GoogleService-Info.plist */; };
		866701162D0A4DA900D19EAD /* AppDelegate.swift in Sources */ = {isa = PBXBuildFile; fileRef = 866701152D0A4DA900D19EAD /* AppDelegate.swift */; };
		866701182D0A4DA900D19EAD /* SceneDelegate.swift in Sources */ = {isa = PBXBuildFile; fileRef = 866701172D0A4DA900D19EAD /* SceneDelegate.swift */; };
		8667011D2D0A4DA900D19EAD /* Main.storyboard in Resources */ = {isa = PBXBuildFile; fileRef = 8667011B2D0A4DA900D19EAD /* Main.storyboard */; };
		866701202D0A4DA900D19EAD /* MAGR.xcdatamodeld in Sources */ = {isa = PBXBuildFile; fileRef = 8667011E2D0A4DA900D19EAD /* MAGR.xcdatamodeld */; };
		866701222D0A4DAA00D19EAD /* Assets.xcassets in Resources */ = {isa = PBXBuildFile; fileRef = 866701212D0A4DAA00D19EAD /* Assets.xcassets */; };
		866701252D0A4DAA00D19EAD /* LaunchScreen.storyboard in Resources */ = {isa = PBXBuildFile; fileRef = 866701232D0A4DAA00D19EAD /* LaunchScreen.storyboard */; };
		866701302D0A4DAA00D19EAD /* MAGRTests.swift in Sources */ = {isa = PBXBuildFile; fileRef = 8667012F2D0A4DAA00D19EAD /* MAGRTests.swift */; };
		8667013A2D0A4DAA00D19EAD /* MAGRUITests.swift in Sources */ = {isa = PBXBuildFile; fileRef = 866701392D0A4DAA00D19EAD /* MAGRUITests.swift */; };
		8667013C2D0A4DAA00D19EAD /* MAGRUITestsLaunchTests.swift in Sources */ = {isa = PBXBuildFile; fileRef = 8667013B2D0A4DAA00D19EAD /* MAGRUITestsLaunchTests.swift */; };
		867706262D0B620A00E6A89B /* FirebaseCore in Frameworks */ = {isa = PBXBuildFile; productRef = 867706252D0B620A00E6A89B /* FirebaseCore */; };
		867706282D0B620A00E6A89B /* FirebaseFirestore in Frameworks */ = {isa = PBXBuildFile; productRef = 867706272D0B620A00E6A89B /* FirebaseFirestore */; };
		8677062A2D0B620A00E6A89B /* FirebaseMessaging in Frameworks */ = {isa = PBXBuildFile; productRef = 867706292D0B620A00E6A89B /* FirebaseMessaging */; };
		8677062E2D0B63BA00E6A89B /* FirebasePrayer.swift in Sources */ = {isa = PBXBuildFile; fileRef = 8677062D2D0B63BA00E6A89B /* FirebasePrayer.swift */; };
		867706302D0B646F00E6A89B /* FirebaseAnnouncement.swift in Sources */ = {isa = PBXBuildFile; fileRef = 8677062F2D0B646F00E6A89B /* FirebaseAnnouncement.swift */; };
		867706322D0B64B200E6A89B /* FirebaseMonthlyPrayer.swift in Sources */ = {isa = PBXBuildFile; fileRef = 867706312D0B64B200E6A89B /* FirebaseMonthlyPrayer.swift */; };
		867706342D0B68B000E6A89B /* Constants.swift in Sources */ = {isa = PBXBuildFile; fileRef = 867706332D0B68B000E6A89B /* Constants.swift */; };
		867706362D0B68BB00E6A89B /* DataManager.swift in Sources */ = {isa = PBXBuildFile; fileRef = 867706352D0B68BB00E6A89B /* DataManager.swift */; };
		867706382D0B68C400E6A89B /* FirebaseManager.swift in Sources */ = {isa = PBXBuildFile; fileRef = 867706372D0B68C400E6A89B /* FirebaseManager.swift */; };
		8677063A2D0B68DC00E6A89B /* NotificationManager.swift in Sources */ = {isa = PBXBuildFile; fileRef = 867706392D0B68DC00E6A89B /* NotificationManager.swift */; };
		8677063C2D0B68E700E6A89B /* PrayerManager.swift in Sources */ = {isa = PBXBuildFile; fileRef = 8677063B2D0B68E700E6A89B /* PrayerManager.swift */; };
		8677063E2D0B68EF00E6A89B /* TimeManager.swift in Sources */ = {isa = PBXBuildFile; fileRef = 8677063D2D0B68EF00E6A89B /* TimeManager.swift */; };
		86BC00D72D0B594800F361D9 /* MainTabController.swift in Sources */ = {isa = PBXBuildFile; fileRef = 86BC00D62D0B594800F361D9 /* MainTabController.swift */; };
		86BC00D92D0B59DC00F361D9 /* adhan.wav in Resources */ = {isa = PBXBuildFile; fileRef = 86BC00D82D0B59DC00F361D9 /* adhan.wav */; };
		86FF4EE52D0B5BC000C67719 /* BaseBackgroundViewController.swift in Sources */ = {isa = PBXBuildFile; fileRef = 86FF4EE42D0B5BC000C67719 /* BaseBackgroundViewController.swift */; };
		86FF4EE72D0B5D0700C67719 /* AnnouncementVC.swift in Sources */ = {isa = PBXBuildFile; fileRef = 86FF4EE62D0B5D0700C67719 /* AnnouncementVC.swift */; };
		86FF4EE92D0B5D1400C67719 /* PrayerTimeHomeVC.swift in Sources */ = {isa = PBXBuildFile; fileRef = 86FF4EE82D0B5D1400C67719 /* PrayerTimeHomeVC.swift */; };
		86FF4EEB2D0B5D2200C67719 /* HomeVC.swift in Sources */ = {isa = PBXBuildFile; fileRef = 86FF4EEA2D0B5D2200C67719 /* HomeVC.swift */; };
		86FF4EED2D0B5D3200C67719 /* SettingsVC.swift in Sources */ = {isa = PBXBuildFile; fileRef = 86FF4EEC2D0B5D3200C67719 /* SettingsVC.swift */; };
		86FF4EEF2D0B5D3C00C67719 /* LoadVC.swift in Sources */ = {isa = PBXBuildFile; fileRef = 86FF4EEE2D0B5D3C00C67719 /* LoadVC.swift */; };
/* End PBXBuildFile section */

/* Begin PBXContainerItemProxy section */
		8667012C2D0A4DAA00D19EAD /* PBXContainerItemProxy */ = {
			isa = PBXContainerItemProxy;
			containerPortal = 8667010A2D0A4DA900D19EAD /* Project object */;
			proxyType = 1;
			remoteGlobalIDString = 866701112D0A4DA900D19EAD;
			remoteInfo = MAGR;
		};
		866701362D0A4DAA00D19EAD /* PBXContainerItemProxy */ = {
			isa = PBXContainerItemProxy;
			containerPortal = 8667010A2D0A4DA900D19EAD /* Project object */;
			proxyType = 1;
			remoteGlobalIDString = 866701112D0A4DA900D19EAD;
			remoteInfo = MAGR;
		};
/* End PBXContainerItemProxy section */

/* Begin PBXFileReference section */
		864F84752D0B56AA00FDD081 /* GoogleService-Info.plist */ = {isa = PBXFileReference; fileEncoding = 4; lastKnownFileType = text.plist.xml; path = "GoogleService-Info.plist"; sourceTree = "<group>"; };
		866701122D0A4DA900D19EAD /* MAGR.app */ = {isa = PBXFileReference; explicitFileType = wrapper.application; includeInIndex = 0; path = MAGR.app; sourceTree = BUILT_PRODUCTS_DIR; };
		866701152D0A4DA900D19EAD /* AppDelegate.swift */ = {isa = PBXFileReference; lastKnownFileType = sourcecode.swift; path = AppDelegate.swift; sourceTree = "<group>"; };
		866701172D0A4DA900D19EAD /* SceneDelegate.swift */ = {isa = PBXFileReference; lastKnownFileType = sourcecode.swift; path = SceneDelegate.swift; sourceTree = "<group>"; };
		8667011C2D0A4DA900D19EAD /* Base */ = {isa = PBXFileReference; lastKnownFileType = file.storyboard; name = Base; path = Base.lproj/Main.storyboard; sourceTree = "<group>"; };
		8667011F2D0A4DA900D19EAD /* MAGR.xcdatamodel */ = {isa = PBXFileReference; lastKnownFileType = wrapper.xcdatamodel; path = MAGR.xcdatamodel; sourceTree = "<group>"; };
		866701212D0A4DAA00D19EAD /* Assets.xcassets */ = {isa = PBXFileReference; lastKnownFileType = folder.assetcatalog; path = Assets.xcassets; sourceTree = "<group>"; };
		866701242D0A4DAA00D19EAD /* Base */ = {isa = PBXFileReference; lastKnownFileType = file.storyboard; name = Base; path = Base.lproj/LaunchScreen.storyboard; sourceTree = "<group>"; };
		866701262D0A4DAA00D19EAD /* Info.plist */ = {isa = PBXFileReference; lastKnownFileType = text.plist.xml; path = Info.plist; sourceTree = "<group>"; };
		8667012B2D0A4DAA00D19EAD /* MAGRTests.xctest */ = {isa = PBXFileReference; explicitFileType = wrapper.cfbundle; includeInIndex = 0; path = MAGRTests.xctest; sourceTree = BUILT_PRODUCTS_DIR; };
		8667012F2D0A4DAA00D19EAD /* MAGRTests.swift */ = {isa = PBXFileReference; lastKnownFileType = sourcecode.swift; path = MAGRTests.swift; sourceTree = "<group>"; };
		866701352D0A4DAA00D19EAD /* MAGRUITests.xctest */ = {isa = PBXFileReference; explicitFileType = wrapper.cfbundle; includeInIndex = 0; path = MAGRUITests.xctest; sourceTree = BUILT_PRODUCTS_DIR; };
		866701392D0A4DAA00D19EAD /* MAGRUITests.swift */ = {isa = PBXFileReference; lastKnownFileType = sourcecode.swift; path = MAGRUITests.swift; sourceTree = "<group>"; };
		8667013B2D0A4DAA00D19EAD /* MAGRUITestsLaunchTests.swift */ = {isa = PBXFileReference; lastKnownFileType = sourcecode.swift; path = MAGRUITestsLaunchTests.swift; sourceTree = "<group>"; };
		8677062D2D0B63BA00E6A89B /* FirebasePrayer.swift */ = {isa = PBXFileReference; lastKnownFileType = sourcecode.swift; path = FirebasePrayer.swift; sourceTree = "<group>"; };
		8677062F2D0B646F00E6A89B /* FirebaseAnnouncement.swift */ = {isa = PBXFileReference; lastKnownFileType = sourcecode.swift; path = FirebaseAnnouncement.swift; sourceTree = "<group>"; };
		867706312D0B64B200E6A89B /* FirebaseMonthlyPrayer.swift */ = {isa = PBXFileReference; lastKnownFileType = sourcecode.swift; path = FirebaseMonthlyPrayer.swift; sourceTree = "<group>"; };
		867706332D0B68B000E6A89B /* Constants.swift */ = {isa = PBXFileReference; lastKnownFileType = sourcecode.swift; path = Constants.swift; sourceTree = "<group>"; };
		867706352D0B68BB00E6A89B /* DataManager.swift */ = {isa = PBXFileReference; lastKnownFileType = sourcecode.swift; path = DataManager.swift; sourceTree = "<group>"; };
		867706372D0B68C400E6A89B /* FirebaseManager.swift */ = {isa = PBXFileReference; lastKnownFileType = sourcecode.swift; path = FirebaseManager.swift; sourceTree = "<group>"; };
		867706392D0B68DC00E6A89B /* NotificationManager.swift */ = {isa = PBXFileReference; lastKnownFileType = sourcecode.swift; path = NotificationManager.swift; sourceTree = "<group>"; };
		8677063B2D0B68E700E6A89B /* PrayerManager.swift */ = {isa = PBXFileReference; lastKnownFileType = sourcecode.swift; path = PrayerManager.swift; sourceTree = "<group>"; };
		8677063D2D0B68EF00E6A89B /* TimeManager.swift */ = {isa = PBXFileReference; lastKnownFileType = sourcecode.swift; path = TimeManager.swift; sourceTree = "<group>"; };
		86BC00D62D0B594800F361D9 /* MainTabController.swift */ = {isa = PBXFileReference; lastKnownFileType = sourcecode.swift; path = MainTabController.swift; sourceTree = "<group>"; };
		86BC00D82D0B59DC00F361D9 /* adhan.wav */ = {isa = PBXFileReference; lastKnownFileType = audio.wav; path = adhan.wav; sourceTree = "<group>"; };
		86FF4EE42D0B5BC000C67719 /* BaseBackgroundViewController.swift */ = {isa = PBXFileReference; lastKnownFileType = sourcecode.swift; path = BaseBackgroundViewController.swift; sourceTree = "<group>"; };
		86FF4EE62D0B5D0700C67719 /* AnnouncementVC.swift */ = {isa = PBXFileReference; lastKnownFileType = sourcecode.swift; path = AnnouncementVC.swift; sourceTree = "<group>"; };
		86FF4EE82D0B5D1400C67719 /* PrayerTimeHomeVC.swift */ = {isa = PBXFileReference; lastKnownFileType = sourcecode.swift; path = PrayerTimeHomeVC.swift; sourceTree = "<group>"; };
		86FF4EEA2D0B5D2200C67719 /* HomeVC.swift */ = {isa = PBXFileReference; lastKnownFileType = sourcecode.swift; path = HomeVC.swift; sourceTree = "<group>"; };
		86FF4EEC2D0B5D3200C67719 /* SettingsVC.swift */ = {isa = PBXFileReference; lastKnownFileType = sourcecode.swift; path = SettingsVC.swift; sourceTree = "<group>"; };
		86FF4EEE2D0B5D3C00C67719 /* LoadVC.swift */ = {isa = PBXFileReference; lastKnownFileType = sourcecode.swift; path = LoadVC.swift; sourceTree = "<group>"; };
/* End PBXFileReference section */

/* Begin PBXFrameworksBuildPhase section */
		8667010F2D0A4DA900D19EAD /* Frameworks */ = {
			isa = PBXFrameworksBuildPhase;
			buildActionMask = 2147483647;
			files = (
				8677062A2D0B620A00E6A89B /* FirebaseMessaging in Frameworks */,
				867706262D0B620A00E6A89B /* FirebaseCore in Frameworks */,
				867706282D0B620A00E6A89B /* FirebaseFirestore in Frameworks */,
			);
			runOnlyForDeploymentPostprocessing = 0;
		};
		866701282D0A4DAA00D19EAD /* Frameworks */ = {
			isa = PBXFrameworksBuildPhase;
			buildActionMask = 2147483647;
			files = (
			);
			runOnlyForDeploymentPostprocessing = 0;
		};
		866701322D0A4DAA00D19EAD /* Frameworks */ = {
			isa = PBXFrameworksBuildPhase;
			buildActionMask = 2147483647;
			files = (
			);
			runOnlyForDeploymentPostprocessing = 0;
		};
/* End PBXFrameworksBuildPhase section */

/* Begin PBXGroup section */
		864F84702D0B561400FDD081 /* Controller */ = {
			isa = PBXGroup;
			children = (
				86BC00D62D0B594800F361D9 /* MainTabController.swift */,
				86FF4EE42D0B5BC000C67719 /* BaseBackgroundViewController.swift */,
				86FF4EE62D0B5D0700C67719 /* AnnouncementVC.swift */,
				86FF4EE82D0B5D1400C67719 /* PrayerTimeHomeVC.swift */,
				86FF4EEA2D0B5D2200C67719 /* HomeVC.swift */,
				86FF4EEC2D0B5D3200C67719 /* SettingsVC.swift */,
				86FF4EEE2D0B5D3C00C67719 /* LoadVC.swift */,
			);
			path = Controller;
			sourceTree = "<group>";
		};
		864F84712D0B561A00FDD081 /* View */ = {
			isa = PBXGroup;
			children = (
				86BC00DA2D0B59E000F361D9 /* Sounds */,
				866701232D0A4DAA00D19EAD /* LaunchScreen.storyboard */,
				866701212D0A4DAA00D19EAD /* Assets.xcassets */,
				8667011B2D0A4DA900D19EAD /* Main.storyboard */,
			);
			path = View;
			sourceTree = "<group>";
		};
		864F84732D0B562800FDD081 /* Model */ = {
			isa = PBXGroup;
			children = (
				8677062C2D0B63A900E6A89B /* Managers */,
				8677062B2D0B63A000E6A89B /* FireBaseModels */,
			);
			path = Model;
			sourceTree = "<group>";
		};
		864F84742D0B562D00FDD081 /* App_Delegate */ = {
			isa = PBXGroup;
			children = (
				866701172D0A4DA900D19EAD /* SceneDelegate.swift */,
				866701152D0A4DA900D19EAD /* AppDelegate.swift */,
			);
			path = App_Delegate;
			sourceTree = "<group>";
		};
		866701092D0A4DA900D19EAD = {
			isa = PBXGroup;
			children = (
				866701142D0A4DA900D19EAD /* MAGR */,
				8667012E2D0A4DAA00D19EAD /* MAGRTests */,
				866701382D0A4DAA00D19EAD /* MAGRUITests */,
				866701132D0A4DA900D19EAD /* Products */,
			);
			sourceTree = "<group>";
		};
		866701132D0A4DA900D19EAD /* Products */ = {
			isa = PBXGroup;
			children = (
				866701122D0A4DA900D19EAD /* MAGR.app */,
				8667012B2D0A4DAA00D19EAD /* MAGRTests.xctest */,
				866701352D0A4DAA00D19EAD /* MAGRUITests.xctest */,
			);
			name = Products;
			sourceTree = "<group>";
		};
		866701142D0A4DA900D19EAD /* MAGR */ = {
			isa = PBXGroup;
			children = (
				864F84742D0B562D00FDD081 /* App_Delegate */,
				864F84732D0B562800FDD081 /* Model */,
				864F84712D0B561A00FDD081 /* View */,
				864F84702D0B561400FDD081 /* Controller */,
				866701262D0A4DAA00D19EAD /* Info.plist */,
				864F84752D0B56AA00FDD081 /* GoogleService-Info.plist */,
				8667011E2D0A4DA900D19EAD /* MAGR.xcdatamodeld */,
			);
			path = MAGR;
			sourceTree = "<group>";
		};
		8667012E2D0A4DAA00D19EAD /* MAGRTests */ = {
			isa = PBXGroup;
			children = (
				8667012F2D0A4DAA00D19EAD /* MAGRTests.swift */,
			);
			path = MAGRTests;
			sourceTree = "<group>";
		};
		866701382D0A4DAA00D19EAD /* MAGRUITests */ = {
			isa = PBXGroup;
			children = (
				866701392D0A4DAA00D19EAD /* MAGRUITests.swift */,
				8667013B2D0A4DAA00D19EAD /* MAGRUITestsLaunchTests.swift */,
			);
			path = MAGRUITests;
			sourceTree = "<group>";
		};
		8677062B2D0B63A000E6A89B /* FireBaseModels */ = {
			isa = PBXGroup;
			children = (
				8677062D2D0B63BA00E6A89B /* FirebasePrayer.swift */,
				8677062F2D0B646F00E6A89B /* FirebaseAnnouncement.swift */,
				867706312D0B64B200E6A89B /* FirebaseMonthlyPrayer.swift */,
			);
			path = FireBaseModels;
			sourceTree = "<group>";
		};
		8677062C2D0B63A900E6A89B /* Managers */ = {
			isa = PBXGroup;
			children = (
				867706332D0B68B000E6A89B /* Constants.swift */,
				867706352D0B68BB00E6A89B /* DataManager.swift */,
				867706372D0B68C400E6A89B /* FirebaseManager.swift */,
				867706392D0B68DC00E6A89B /* NotificationManager.swift */,
				8677063B2D0B68E700E6A89B /* PrayerManager.swift */,
				8677063D2D0B68EF00E6A89B /* TimeManager.swift */,
			);
			path = Managers;
			sourceTree = "<group>";
		};
		86BC00DA2D0B59E000F361D9 /* Sounds */ = {
			isa = PBXGroup;
			children = (
				86BC00D82D0B59DC00F361D9 /* adhan.wav */,
			);
			path = Sounds;
			sourceTree = "<group>";
		};
/* End PBXGroup section */

/* Begin PBXNativeTarget section */
		866701112D0A4DA900D19EAD /* MAGR */ = {
			isa = PBXNativeTarget;
			buildConfigurationList = 8667013F2D0A4DAA00D19EAD /* Build configuration list for PBXNativeTarget "MAGR" */;
			buildPhases = (
				8667010E2D0A4DA900D19EAD /* Sources */,
				8667010F2D0A4DA900D19EAD /* Frameworks */,
				866701102D0A4DA900D19EAD /* Resources */,
			);
			buildRules = (
			);
			dependencies = (
			);
			name = MAGR;
			packageProductDependencies = (
				867706252D0B620A00E6A89B /* FirebaseCore */,
				867706272D0B620A00E6A89B /* FirebaseFirestore */,
				867706292D0B620A00E6A89B /* FirebaseMessaging */,
			);
			productName = MAGR;
			productReference = 866701122D0A4DA900D19EAD /* MAGR.app */;
			productType = "com.apple.product-type.application";
		};
		8667012A2D0A4DAA00D19EAD /* MAGRTests */ = {
			isa = PBXNativeTarget;
			buildConfigurationList = 866701422D0A4DAA00D19EAD /* Build configuration list for PBXNativeTarget "MAGRTests" */;
			buildPhases = (
				866701272D0A4DAA00D19EAD /* Sources */,
				866701282D0A4DAA00D19EAD /* Frameworks */,
				866701292D0A4DAA00D19EAD /* Resources */,
			);
			buildRules = (
			);
			dependencies = (
				8667012D2D0A4DAA00D19EAD /* PBXTargetDependency */,
			);
			name = MAGRTests;
			productName = MAGRTests;
			productReference = 8667012B2D0A4DAA00D19EAD /* MAGRTests.xctest */;
			productType = "com.apple.product-type.bundle.unit-test";
		};
		866701342D0A4DAA00D19EAD /* MAGRUITests */ = {
			isa = PBXNativeTarget;
			buildConfigurationList = 866701452D0A4DAA00D19EAD /* Build configuration list for PBXNativeTarget "MAGRUITests" */;
			buildPhases = (
				866701312D0A4DAA00D19EAD /* Sources */,
				866701322D0A4DAA00D19EAD /* Frameworks */,
				866701332D0A4DAA00D19EAD /* Resources */,
			);
			buildRules = (
			);
			dependencies = (
				866701372D0A4DAA00D19EAD /* PBXTargetDependency */,
			);
			name = MAGRUITests;
			productName = MAGRUITests;
			productReference = 866701352D0A4DAA00D19EAD /* MAGRUITests.xctest */;
			productType = "com.apple.product-type.bundle.ui-testing";
		};
/* End PBXNativeTarget section */

/* Begin PBXProject section */
		8667010A2D0A4DA900D19EAD /* Project object */ = {
			isa = PBXProject;
			attributes = {
				BuildIndependentTargetsInParallel = 1;
				LastSwiftUpdateCheck = 1500;
				LastUpgradeCheck = 1500;
				TargetAttributes = {
					866701112D0A4DA900D19EAD = {
						CreatedOnToolsVersion = 15.0.1;
					};
					8667012A2D0A4DAA00D19EAD = {
						CreatedOnToolsVersion = 15.0.1;
						TestTargetID = 866701112D0A4DA900D19EAD;
					};
					866701342D0A4DAA00D19EAD = {
						CreatedOnToolsVersion = 15.0.1;
						TestTargetID = 866701112D0A4DA900D19EAD;
					};
				};
			};
			buildConfigurationList = 8667010D2D0A4DA900D19EAD /* Build configuration list for PBXProject "MAGR" */;
			compatibilityVersion = "Xcode 14.0";
			developmentRegion = en;
			hasScannedForEncodings = 0;
			knownRegions = (
				en,
				Base,
			);
			mainGroup = 866701092D0A4DA900D19EAD;
			packageReferences = (
				867706242D0B620A00E6A89B /* XCRemoteSwiftPackageReference "firebase-ios-sdk" */,
			);
			productRefGroup = 866701132D0A4DA900D19EAD /* Products */;
			projectDirPath = "";
			projectRoot = "";
			targets = (
				866701112D0A4DA900D19EAD /* MAGR */,
				8667012A2D0A4DAA00D19EAD /* MAGRTests */,
				866701342D0A4DAA00D19EAD /* MAGRUITests */,
			);
		};
/* End PBXProject section */

/* Begin PBXResourcesBuildPhase section */
		866701102D0A4DA900D19EAD /* Resources */ = {
			isa = PBXResourcesBuildPhase;
			buildActionMask = 2147483647;
			files = (
				866701252D0A4DAA00D19EAD /* LaunchScreen.storyboard in Resources */,
				864F84762D0B56AA00FDD081 /* GoogleService-Info.plist in Resources */,
				866701222D0A4DAA00D19EAD /* Assets.xcassets in Resources */,
				86BC00D92D0B59DC00F361D9 /* adhan.wav in Resources */,
				8667011D2D0A4DA900D19EAD /* Main.storyboard in Resources */,
			);
			runOnlyForDeploymentPostprocessing = 0;
		};
		866701292D0A4DAA00D19EAD /* Resources */ = {
			isa = PBXResourcesBuildPhase;
			buildActionMask = 2147483647;
			files = (
			);
			runOnlyForDeploymentPostprocessing = 0;
		};
		866701332D0A4DAA00D19EAD /* Resources */ = {
			isa = PBXResourcesBuildPhase;
			buildActionMask = 2147483647;
			files = (
			);
			runOnlyForDeploymentPostprocessing = 0;
		};
/* End PBXResourcesBuildPhase section */

/* Begin PBXSourcesBuildPhase section */
		8667010E2D0A4DA900D19EAD /* Sources */ = {
			isa = PBXSourcesBuildPhase;
			buildActionMask = 2147483647;
			files = (
				86FF4EE92D0B5D1400C67719 /* PrayerTimeHomeVC.swift in Sources */,
				8677063A2D0B68DC00E6A89B /* NotificationManager.swift in Sources */,
				867706362D0B68BB00E6A89B /* DataManager.swift in Sources */,
				867706302D0B646F00E6A89B /* FirebaseAnnouncement.swift in Sources */,
				86FF4EEB2D0B5D2200C67719 /* HomeVC.swift in Sources */,
				8677062E2D0B63BA00E6A89B /* FirebasePrayer.swift in Sources */,
				86FF4EEF2D0B5D3C00C67719 /* LoadVC.swift in Sources */,
				867706322D0B64B200E6A89B /* FirebaseMonthlyPrayer.swift in Sources */,
				866701202D0A4DA900D19EAD /* MAGR.xcdatamodeld in Sources */,
				866701162D0A4DA900D19EAD /* AppDelegate.swift in Sources */,
				8677063C2D0B68E700E6A89B /* PrayerManager.swift in Sources */,
				86FF4EE52D0B5BC000C67719 /* BaseBackgroundViewController.swift in Sources */,
				86FF4EE72D0B5D0700C67719 /* AnnouncementVC.swift in Sources */,
				86BC00D72D0B594800F361D9 /* MainTabController.swift in Sources */,
				867706382D0B68C400E6A89B /* FirebaseManager.swift in Sources */,
				867706342D0B68B000E6A89B /* Constants.swift in Sources */,
				866701182D0A4DA900D19EAD /* SceneDelegate.swift in Sources */,
				86FF4EED2D0B5D3200C67719 /* SettingsVC.swift in Sources */,
				8677063E2D0B68EF00E6A89B /* TimeManager.swift in Sources */,
			);
			runOnlyForDeploymentPostprocessing = 0;
		};
		866701272D0A4DAA00D19EAD /* Sources */ = {
			isa = PBXSourcesBuildPhase;
			buildActionMask = 2147483647;
			files = (
				866701302D0A4DAA00D19EAD /* MAGRTests.swift in Sources */,
			);
			runOnlyForDeploymentPostprocessing = 0;
		};
		866701312D0A4DAA00D19EAD /* Sources */ = {
			isa = PBXSourcesBuildPhase;
			buildActionMask = 2147483647;
			files = (
				8667013A2D0A4DAA00D19EAD /* MAGRUITests.swift in Sources */,
				8667013C2D0A4DAA00D19EAD /* MAGRUITestsLaunchTests.swift in Sources */,
			);
			runOnlyForDeploymentPostprocessing = 0;
		};
/* End PBXSourcesBuildPhase section */

/* Begin PBXTargetDependency section */
		8667012D2D0A4DAA00D19EAD /* PBXTargetDependency */ = {
			isa = PBXTargetDependency;
			target = 866701112D0A4DA900D19EAD /* MAGR */;
			targetProxy = 8667012C2D0A4DAA00D19EAD /* PBXContainerItemProxy */;
		};
		866701372D0A4DAA00D19EAD /* PBXTargetDependency */ = {
			isa = PBXTargetDependency;
			target = 866701112D0A4DA900D19EAD /* MAGR */;
			targetProxy = 866701362D0A4DAA00D19EAD /* PBXContainerItemProxy */;
		};
/* End PBXTargetDependency section */

/* Begin PBXVariantGroup section */
		8667011B2D0A4DA900D19EAD /* Main.storyboard */ = {
			isa = PBXVariantGroup;
			children = (
				8667011C2D0A4DA900D19EAD /* Base */,
			);
			name = Main.storyboard;
			sourceTree = "<group>";
		};
		866701232D0A4DAA00D19EAD /* LaunchScreen.storyboard */ = {
			isa = PBXVariantGroup;
			children = (
				866701242D0A4DAA00D19EAD /* Base */,
			);
			name = LaunchScreen.storyboard;
			sourceTree = "<group>";
		};
/* End PBXVariantGroup section */

/* Begin XCBuildConfiguration section */
		8667013D2D0A4DAA00D19EAD /* Debug */ = {
			isa = XCBuildConfiguration;
			buildSettings = {
				ALWAYS_SEARCH_USER_PATHS = NO;
				ASSETCATALOG_COMPILER_GENERATE_SWIFT_ASSET_SYMBOL_EXTENSIONS = YES;
				CLANG_ANALYZER_NONNULL = YES;
				CLANG_ANALYZER_NUMBER_OBJECT_CONVERSION = YES_AGGRESSIVE;
				CLANG_CXX_LANGUAGE_STANDARD = "gnu++20";
				CLANG_ENABLE_MODULES = YES;
				CLANG_ENABLE_OBJC_ARC = YES;
				CLANG_ENABLE_OBJC_WEAK = YES;
				CLANG_WARN_BLOCK_CAPTURE_AUTORELEASING = YES;
				CLANG_WARN_BOOL_CONVERSION = YES;
				CLANG_WARN_COMMA = YES;
				CLANG_WARN_CONSTANT_CONVERSION = YES;
				CLANG_WARN_DEPRECATED_OBJC_IMPLEMENTATIONS = YES;
				CLANG_WARN_DIRECT_OBJC_ISA_USAGE = YES_ERROR;
				CLANG_WARN_DOCUMENTATION_COMMENTS = YES;
				CLANG_WARN_EMPTY_BODY = YES;
				CLANG_WARN_ENUM_CONVERSION = YES;
				CLANG_WARN_INFINITE_RECURSION = YES;
				CLANG_WARN_INT_CONVERSION = YES;
				CLANG_WARN_NON_LITERAL_NULL_CONVERSION = YES;
				CLANG_WARN_OBJC_IMPLICIT_RETAIN_SELF = YES;
				CLANG_WARN_OBJC_LITERAL_CONVERSION = YES;
				CLANG_WARN_OBJC_ROOT_CLASS = YES_ERROR;
				CLANG_WARN_QUOTED_INCLUDE_IN_FRAMEWORK_HEADER = YES;
				CLANG_WARN_RANGE_LOOP_ANALYSIS = YES;
				CLANG_WARN_STRICT_PROTOTYPES = YES;
				CLANG_WARN_SUSPICIOUS_MOVE = YES;
				CLANG_WARN_UNGUARDED_AVAILABILITY = YES_AGGRESSIVE;
				CLANG_WARN_UNREACHABLE_CODE = YES;
				CLANG_WARN__DUPLICATE_METHOD_MATCH = YES;
				COPY_PHASE_STRIP = NO;
				DEBUG_INFORMATION_FORMAT = dwarf;
				ENABLE_STRICT_OBJC_MSGSEND = YES;
				ENABLE_TESTABILITY = YES;
				ENABLE_USER_SCRIPT_SANDBOXING = YES;
				GCC_C_LANGUAGE_STANDARD = gnu17;
				GCC_DYNAMIC_NO_PIC = NO;
				GCC_NO_COMMON_BLOCKS = YES;
				GCC_OPTIMIZATION_LEVEL = 0;
				GCC_PREPROCESSOR_DEFINITIONS = (
					"DEBUG=1",
					"$(inherited)",
				);
				GCC_WARN_64_TO_32_BIT_CONVERSION = YES;
				GCC_WARN_ABOUT_RETURN_TYPE = YES_ERROR;
				GCC_WARN_UNDECLARED_SELECTOR = YES;
				GCC_WARN_UNINITIALIZED_AUTOS = YES_AGGRESSIVE;
				GCC_WARN_UNUSED_FUNCTION = YES;
				GCC_WARN_UNUSED_VARIABLE = YES;
				IPHONEOS_DEPLOYMENT_TARGET = 17.0;
				LOCALIZATION_PREFERS_STRING_CATALOGS = YES;
				MTL_ENABLE_DEBUG_INFO = INCLUDE_SOURCE;
				MTL_FAST_MATH = YES;
				ONLY_ACTIVE_ARCH = YES;
				SDKROOT = iphoneos;
				SWIFT_ACTIVE_COMPILATION_CONDITIONS = "DEBUG $(inherited)";
				SWIFT_OPTIMIZATION_LEVEL = "-Onone";
			};
			name = Debug;
		};
		8667013E2D0A4DAA00D19EAD /* Release */ = {
			isa = XCBuildConfiguration;
			buildSettings = {
				ALWAYS_SEARCH_USER_PATHS = NO;
				ASSETCATALOG_COMPILER_GENERATE_SWIFT_ASSET_SYMBOL_EXTENSIONS = YES;
				CLANG_ANALYZER_NONNULL = YES;
				CLANG_ANALYZER_NUMBER_OBJECT_CONVERSION = YES_AGGRESSIVE;
				CLANG_CXX_LANGUAGE_STANDARD = "gnu++20";
				CLANG_ENABLE_MODULES = YES;
				CLANG_ENABLE_OBJC_ARC = YES;
				CLANG_ENABLE_OBJC_WEAK = YES;
				CLANG_WARN_BLOCK_CAPTURE_AUTORELEASING = YES;
				CLANG_WARN_BOOL_CONVERSION = YES;
				CLANG_WARN_COMMA = YES;
				CLANG_WARN_CONSTANT_CONVERSION = YES;
				CLANG_WARN_DEPRECATED_OBJC_IMPLEMENTATIONS = YES;
				CLANG_WARN_DIRECT_OBJC_ISA_USAGE = YES_ERROR;
				CLANG_WARN_DOCUMENTATION_COMMENTS = YES;
				CLANG_WARN_EMPTY_BODY = YES;
				CLANG_WARN_ENUM_CONVERSION = YES;
				CLANG_WARN_INFINITE_RECURSION = YES;
				CLANG_WARN_INT_CONVERSION = YES;
				CLANG_WARN_NON_LITERAL_NULL_CONVERSION = YES;
				CLANG_WARN_OBJC_IMPLICIT_RETAIN_SELF = YES;
				CLANG_WARN_OBJC_LITERAL_CONVERSION = YES;
				CLANG_WARN_OBJC_ROOT_CLASS = YES_ERROR;
				CLANG_WARN_QUOTED_INCLUDE_IN_FRAMEWORK_HEADER = YES;
				CLANG_WARN_RANGE_LOOP_ANALYSIS = YES;
				CLANG_WARN_STRICT_PROTOTYPES = YES;
				CLANG_WARN_SUSPICIOUS_MOVE = YES;
				CLANG_WARN_UNGUARDED_AVAILABILITY = YES_AGGRESSIVE;
				CLANG_WARN_UNREACHABLE_CODE = YES;
				CLANG_WARN__DUPLICATE_METHOD_MATCH = YES;
				COPY_PHASE_STRIP = NO;
				DEBUG_INFORMATION_FORMAT = "dwarf-with-dsym";
				ENABLE_NS_ASSERTIONS = NO;
				ENABLE_STRICT_OBJC_MSGSEND = YES;
				ENABLE_USER_SCRIPT_SANDBOXING = YES;
				GCC_C_LANGUAGE_STANDARD = gnu17;
				GCC_NO_COMMON_BLOCKS = YES;
				GCC_WARN_64_TO_32_BIT_CONVERSION = YES;
				GCC_WARN_ABOUT_RETURN_TYPE = YES_ERROR;
				GCC_WARN_UNDECLARED_SELECTOR = YES;
				GCC_WARN_UNINITIALIZED_AUTOS = YES_AGGRESSIVE;
				GCC_WARN_UNUSED_FUNCTION = YES;
				GCC_WARN_UNUSED_VARIABLE = YES;
				IPHONEOS_DEPLOYMENT_TARGET = 17.0;
				LOCALIZATION_PREFERS_STRING_CATALOGS = YES;
				MTL_ENABLE_DEBUG_INFO = NO;
				MTL_FAST_MATH = YES;
				SDKROOT = iphoneos;
				SWIFT_COMPILATION_MODE = wholemodule;
				VALIDATE_PRODUCT = YES;
			};
			name = Release;
		};
		866701402D0A4DAA00D19EAD /* Debug */ = {
			isa = XCBuildConfiguration;
			buildSettings = {
				ASSETCATALOG_COMPILER_APPICON_NAME = AppIcon;
				ASSETCATALOG_COMPILER_GLOBAL_ACCENT_COLOR_NAME = AccentColor;
				CODE_SIGN_STYLE = Automatic;
				CURRENT_PROJECT_VERSION = 1;
				DEVELOPMENT_TEAM = WRCNF2R646;
				GENERATE_INFOPLIST_FILE = YES;
				INFOPLIST_FILE = MAGR/Info.plist;
				INFOPLIST_KEY_UIApplicationSupportsIndirectInputEvents = YES;
				INFOPLIST_KEY_UILaunchStoryboardName = LaunchScreen;
				INFOPLIST_KEY_UIMainStoryboardFile = Main;
				INFOPLIST_KEY_UISupportedInterfaceOrientations_iPad = "UIInterfaceOrientationPortrait UIInterfaceOrientationPortraitUpsideDown UIInterfaceOrientationLandscapeLeft UIInterfaceOrientationLandscapeRight";
				INFOPLIST_KEY_UISupportedInterfaceOrientations_iPhone = "UIInterfaceOrientationPortrait UIInterfaceOrientationLandscapeLeft UIInterfaceOrientationLandscapeRight";
				LD_RUNPATH_SEARCH_PATHS = (
					"$(inherited)",
					"@executable_path/Frameworks",
				);
				MARKETING_VERSION = 1.0;
				PRODUCT_BUNDLE_IDENTIFIER = co.amerKhalil.MAGR;
				PRODUCT_NAME = "$(TARGET_NAME)";
				SWIFT_EMIT_LOC_STRINGS = YES;
				SWIFT_VERSION = 5.0;
				TARGETED_DEVICE_FAMILY = "1,2";
			};
			name = Debug;
		};
		866701412D0A4DAA00D19EAD /* Release */ = {
			isa = XCBuildConfiguration;
			buildSettings = {
				ASSETCATALOG_COMPILER_APPICON_NAME = AppIcon;
				ASSETCATALOG_COMPILER_GLOBAL_ACCENT_COLOR_NAME = AccentColor;
				CODE_SIGN_STYLE = Automatic;
				CURRENT_PROJECT_VERSION = 1;
				DEVELOPMENT_TEAM = WRCNF2R646;
				GENERATE_INFOPLIST_FILE = YES;
				INFOPLIST_FILE = MAGR/Info.plist;
				INFOPLIST_KEY_UIApplicationSupportsIndirectInputEvents = YES;
				INFOPLIST_KEY_UILaunchStoryboardName = LaunchScreen;
				INFOPLIST_KEY_UIMainStoryboardFile = Main;
				INFOPLIST_KEY_UISupportedInterfaceOrientations_iPad = "UIInterfaceOrientationPortrait UIInterfaceOrientationPortraitUpsideDown UIInterfaceOrientationLandscapeLeft UIInterfaceOrientationLandscapeRight";
				INFOPLIST_KEY_UISupportedInterfaceOrientations_iPhone = "UIInterfaceOrientationPortrait UIInterfaceOrientationLandscapeLeft UIInterfaceOrientationLandscapeRight";
				LD_RUNPATH_SEARCH_PATHS = (
					"$(inherited)",
					"@executable_path/Frameworks",
				);
				MARKETING_VERSION = 1.0;
				PRODUCT_BUNDLE_IDENTIFIER = co.amerKhalil.MAGR;
				PRODUCT_NAME = "$(TARGET_NAME)";
				SWIFT_EMIT_LOC_STRINGS = YES;
				SWIFT_VERSION = 5.0;
				TARGETED_DEVICE_FAMILY = "1,2";
			};
			name = Release;
		};
		866701432D0A4DAA00D19EAD /* Debug */ = {
			isa = XCBuildConfiguration;
			buildSettings = {
				ALWAYS_EMBED_SWIFT_STANDARD_LIBRARIES = YES;
				BUNDLE_LOADER = "$(TEST_HOST)";
				CODE_SIGN_STYLE = Automatic;
				CURRENT_PROJECT_VERSION = 1;
				DEVELOPMENT_TEAM = WRCNF2R646;
				GENERATE_INFOPLIST_FILE = YES;
				IPHONEOS_DEPLOYMENT_TARGET = 17.0;
				MARKETING_VERSION = 1.0;
				PRODUCT_BUNDLE_IDENTIFIER = co.amerKhalil.MAGRTests;
				PRODUCT_NAME = "$(TARGET_NAME)";
				SWIFT_EMIT_LOC_STRINGS = NO;
				SWIFT_VERSION = 5.0;
				TARGETED_DEVICE_FAMILY = "1,2";
				TEST_HOST = "$(BUILT_PRODUCTS_DIR)/MAGR.app/$(BUNDLE_EXECUTABLE_FOLDER_PATH)/MAGR";
			};
			name = Debug;
		};
		866701442D0A4DAA00D19EAD /* Release */ = {
			isa = XCBuildConfiguration;
			buildSettings = {
				ALWAYS_EMBED_SWIFT_STANDARD_LIBRARIES = YES;
				BUNDLE_LOADER = "$(TEST_HOST)";
				CODE_SIGN_STYLE = Automatic;
				CURRENT_PROJECT_VERSION = 1;
				DEVELOPMENT_TEAM = WRCNF2R646;
				GENERATE_INFOPLIST_FILE = YES;
				IPHONEOS_DEPLOYMENT_TARGET = 17.0;
				MARKETING_VERSION = 1.0;
				PRODUCT_BUNDLE_IDENTIFIER = co.amerKhalil.MAGRTests;
				PRODUCT_NAME = "$(TARGET_NAME)";
				SWIFT_EMIT_LOC_STRINGS = NO;
				SWIFT_VERSION = 5.0;
				TARGETED_DEVICE_FAMILY = "1,2";
				TEST_HOST = "$(BUILT_PRODUCTS_DIR)/MAGR.app/$(BUNDLE_EXECUTABLE_FOLDER_PATH)/MAGR";
			};
			name = Release;
		};
		866701462D0A4DAA00D19EAD /* Debug */ = {
			isa = XCBuildConfiguration;
			buildSettings = {
				ALWAYS_EMBED_SWIFT_STANDARD_LIBRARIES = YES;
				CODE_SIGN_STYLE = Automatic;
				CURRENT_PROJECT_VERSION = 1;
				DEVELOPMENT_TEAM = WRCNF2R646;
				GENERATE_INFOPLIST_FILE = YES;
				MARKETING_VERSION = 1.0;
				PRODUCT_BUNDLE_IDENTIFIER = co.amerKhalil.MAGRUITests;
				PRODUCT_NAME = "$(TARGET_NAME)";
				SWIFT_EMIT_LOC_STRINGS = NO;
				SWIFT_VERSION = 5.0;
				TARGETED_DEVICE_FAMILY = "1,2";
				TEST_TARGET_NAME = MAGR;
			};
			name = Debug;
		};
		866701472D0A4DAA00D19EAD /* Release */ = {
			isa = XCBuildConfiguration;
			buildSettings = {
				ALWAYS_EMBED_SWIFT_STANDARD_LIBRARIES = YES;
				CODE_SIGN_STYLE = Automatic;
				CURRENT_PROJECT_VERSION = 1;
				DEVELOPMENT_TEAM = WRCNF2R646;
				GENERATE_INFOPLIST_FILE = YES;
				MARKETING_VERSION = 1.0;
				PRODUCT_BUNDLE_IDENTIFIER = co.amerKhalil.MAGRUITests;
				PRODUCT_NAME = "$(TARGET_NAME)";
				SWIFT_EMIT_LOC_STRINGS = NO;
				SWIFT_VERSION = 5.0;
				TARGETED_DEVICE_FAMILY = "1,2";
				TEST_TARGET_NAME = MAGR;
			};
			name = Release;
		};
/* End XCBuildConfiguration section */

/* Begin XCConfigurationList section */
		8667010D2D0A4DA900D19EAD /* Build configuration list for PBXProject "MAGR" */ = {
			isa = XCConfigurationList;
			buildConfigurations = (
				8667013D2D0A4DAA00D19EAD /* Debug */,
				8667013E2D0A4DAA00D19EAD /* Release */,
			);
			defaultConfigurationIsVisible = 0;
			defaultConfigurationName = Release;
		};
		8667013F2D0A4DAA00D19EAD /* Build configuration list for PBXNativeTarget "MAGR" */ = {
			isa = XCConfigurationList;
			buildConfigurations = (
				866701402D0A4DAA00D19EAD /* Debug */,
				866701412D0A4DAA00D19EAD /* Release */,
			);
			defaultConfigurationIsVisible = 0;
			defaultConfigurationName = Release;
		};
		866701422D0A4DAA00D19EAD /* Build configuration list for PBXNativeTarget "MAGRTests" */ = {
			isa = XCConfigurationList;
			buildConfigurations = (
				866701432D0A4DAA00D19EAD /* Debug */,
				866701442D0A4DAA00D19EAD /* Release */,
			);
			defaultConfigurationIsVisible = 0;
			defaultConfigurationName = Release;
		};
		866701452D0A4DAA00D19EAD /* Build configuration list for PBXNativeTarget "MAGRUITests" */ = {
			isa = XCConfigurationList;
			buildConfigurations = (
				866701462D0A4DAA00D19EAD /* Debug */,
				866701472D0A4DAA00D19EAD /* Release */,
			);
			defaultConfigurationIsVisible = 0;
			defaultConfigurationName = Release;
		};
/* End XCConfigurationList section */

/* Begin XCRemoteSwiftPackageReference section */
		867706242D0B620A00E6A89B /* XCRemoteSwiftPackageReference "firebase-ios-sdk" */ = {
			isa = XCRemoteSwiftPackageReference;
			repositoryURL = "https://github.com/firebase/firebase-ios-sdk";
			requirement = {
				kind = upToNextMajorVersion;
				minimumVersion = 11.6.0;
			};
		};
/* End XCRemoteSwiftPackageReference section */

/* Begin XCSwiftPackageProductDependency section */
		867706252D0B620A00E6A89B /* FirebaseCore */ = {
			isa = XCSwiftPackageProductDependency;
			package = 867706242D0B620A00E6A89B /* XCRemoteSwiftPackageReference "firebase-ios-sdk" */;
			productName = FirebaseCore;
		};
		867706272D0B620A00E6A89B /* FirebaseFirestore */ = {
			isa = XCSwiftPackageProductDependency;
			package = 867706242D0B620A00E6A89B /* XCRemoteSwiftPackageReference "firebase-ios-sdk" */;
			productName = FirebaseFirestore;
		};
		867706292D0B620A00E6A89B /* FirebaseMessaging */ = {
			isa = XCSwiftPackageProductDependency;
			package = 867706242D0B620A00E6A89B /* XCRemoteSwiftPackageReference "firebase-ios-sdk" */;
			productName = FirebaseMessaging;
		};
/* End XCSwiftPackageProductDependency section */

/* Begin XCVersionGroup section */
		8667011E2D0A4DA900D19EAD /* MAGR.xcdatamodeld */ = {
			isa = XCVersionGroup;
			children = (
				8667011F2D0A4DA900D19EAD /* MAGR.xcdatamodel */,
			);
			currentVersion = 8667011F2D0A4DA900D19EAD /* MAGR.xcdatamodel */;
			path = MAGR.xcdatamodeld;
			sourceTree = "<group>";
			versionGroupType = wrapper.xcdatamodel;
		};
/* End XCVersionGroup section */
	};
	rootObject = 8667010A2D0A4DA900D19EAD /* Project object */;
}
